# This file is autogenerated, do not edit; changes may be undone by the next 'dep ensure'.


[[projects]]
  branch = "master"
  name = "github.com/golang/protobuf"
  packages = [
    "proto",
    "protoc-gen-go/descriptor",
    "protoc-gen-go/plugin"
  ]
  revision = "1325a051a2753cd67556b182843b1b693d0854cd"

[[projects]]
  name = "github.com/pkg/errors"
  packages = ["."]
  revision = "645ef00459ed84a119197bfb8d8205042c6df63d"
  version = "v0.8.0"

[[projects]]
  name = "github.com/twitchtv/protogen"
  packages = ["typemap"]
  revision = "6f52d8a9e353934b0086955f382c7a1536257125"
  version = "v0.1.0"

[solve-meta]
  analyzer-name = "dep"
  analyzer-version = 1
  inputs-digest = "d93eda908f2c441c8cac24f027a37f034c42737ad7597118dfa1c1c27be6b873"
  solver-name = "gps-cdcl"
  solver-version = 1
